<?xml version="1.0" encoding="utf-8"?>
<Project ToolsVersion="4.0" xmlns="http://schemas.microsoft.com/developer/msbuild/2003">
  <ItemGroup>
    <ClCompile Include="tinyxmlparser.cpp">
      <Filter>源文件</Filter>
    </ClCompile>
    <ClCompile Include="tinystr.cpp">
      <Filter>源文件</Filter>
    </ClCompile>
    <ClCompile Include="tinyxml.cpp">
      <Filter>源文件</Filter>
    </ClCompile>
    <ClCompile Include="tinyxmlerror.cpp">
      <Filter>源文件</Filter>
    </ClCompile>
    <ClCompile Include="Practice.cpp">
      <Filter>源文件</Filter>
    </ClCompile>
  </ItemGroup>
  <ItemGroup>
    <Filter Include="源文件">
      <UniqueIdentifier>{9c6c1f4d-3d0c-4e9f-97b4-703ca9bee719}</UniqueIdentifier>
    </Filter>
    <Filter Include="头文件">
      <UniqueIdentifier>{8ff05452-6074-424e-81aa-81832fe126d2}</UniqueIdentifier>
    </Filter>
  </ItemGroup>
  <ItemGroup>
    <ClInclude Include="tinystr.h">
      <Filter>头文件</Filter>
    </ClInclude>
    <ClInclude Include="tinyxml.h">
      <Filter>头文件</Filter>
    </ClInclude>
    <ClInclude Include="XmlAnalysis.h">
      <Filter>头文件</Filter>
    </ClInclude>
    <ClInclude Include="XmlTransform.h">
      <Filter>头文件</Filter>
    </ClInclude>
  </ItemGroup>
</Project>