
Microsoft Visual Studio Solution File, Format Version 11.00
# Visual Studio 2010
Project("{8BC9CEB8-8B4A-11D0-8D11-00A0C91BC942}") = "cppunit_vs10", "..\cppunit-1.12.1\src\cppunit\cppunit_vs10.vcxproj", "{2716168E-DF3C-8DC5-BD34-62D1CD725BB3}"
EndProject
Project("{8BC9CEB8-8B4A-11D0-8D11-00A0C91BC942}") = "testRunner", "testRunner\testRunner.vcxproj", "{5857152D-B7F5-4175-AD8C-DEA94DEDA32B}"
	ProjectSection(ProjectDependencies) = postProject
		{2716168E-DF3C-8DC5-BD34-62D1CD725BB3} = {2716168E-DF3C-8DC5-BD34-62D1CD725BB3}
	EndProjectSection
EndProject
Project("{8BC9CEB8-8B4A-11D0-8D11-00A0C91BC942}") = "VNOC", "VNOC\VNOC.vcxproj", "{06E90441-F473-4E9E-99C9-F482C1073E0E}"
EndProject
Global
	GlobalSection(SolutionConfigurationPlatforms) = preSolution
		Debug|Win32 = Debug|Win32
		Debug|Win64 = Debug|Win64
		Release|Win32 = Release|Win32
		Release|Win64 = Release|Win64
		VldMemLeakCheck|Win32 = VldMemLeakCheck|Win32
		VldMemLeakCheck|Win64 = VldMemLeakCheck|Win64
	EndGlobalSection
	GlobalSection(ProjectConfigurationPlatforms) = postSolution
		{2716168E-DF3C-8DC5-BD34-62D1CD725BB3}.Debug|Win32.ActiveCfg = Debug|Win32
		{2716168E-DF3C-8DC5-BD34-62D1CD725BB3}.Debug|Win32.Build.0 = Debug|Win32
		{2716168E-DF3C-8DC5-BD34-62D1CD725BB3}.Debug|Win64.ActiveCfg = Debug|Win32
		{2716168E-DF3C-8DC5-BD34-62D1CD725BB3}.Release|Win32.ActiveCfg = Release|Win32
		{2716168E-DF3C-8DC5-BD34-62D1CD725BB3}.Release|Win32.Build.0 = Release|Win32
		{2716168E-DF3C-8DC5-BD34-62D1CD725BB3}.Release|Win64.ActiveCfg = Release|Win32
		{2716168E-DF3C-8DC5-BD34-62D1CD725BB3}.VldMemLeakCheck|Win32.ActiveCfg = Debug|Win32
		{2716168E-DF3C-8DC5-BD34-62D1CD725BB3}.VldMemLeakCheck|Win32.Build.0 = Debug|Win32
		{2716168E-DF3C-8DC5-BD34-62D1CD725BB3}.VldMemLeakCheck|Win64.ActiveCfg = Debug|Win32
		{2716168E-DF3C-8DC5-BD34-62D1CD725BB3}.VldMemLeakCheck|Win64.Build.0 = Debug|Win32
		{5857152D-B7F5-4175-AD8C-DEA94DEDA32B}.Debug|Win32.ActiveCfg = Debug|Win32
		{5857152D-B7F5-4175-AD8C-DEA94DEDA32B}.Debug|Win32.Build.0 = Debug|Win32
		{5857152D-B7F5-4175-AD8C-DEA94DEDA32B}.Debug|Win64.ActiveCfg = Debug|Win32
		{5857152D-B7F5-4175-AD8C-DEA94DEDA32B}.Release|Win32.ActiveCfg = Release|Win32
		{5857152D-B7F5-4175-AD8C-DEA94DEDA32B}.Release|Win32.Build.0 = Release|Win32
		{5857152D-B7F5-4175-AD8C-DEA94DEDA32B}.Release|Win64.ActiveCfg = Release|Win32
		{5857152D-B7F5-4175-AD8C-DEA94DEDA32B}.VldMemLeakCheck|Win32.ActiveCfg = Debug|Win32
		{5857152D-B7F5-4175-AD8C-DEA94DEDA32B}.VldMemLeakCheck|Win32.Build.0 = Debug|Win32
		{5857152D-B7F5-4175-AD8C-DEA94DEDA32B}.VldMemLeakCheck|Win64.ActiveCfg = Release|Win32
		{06E90441-F473-4E9E-99C9-F482C1073E0E}.Debug|Win32.ActiveCfg = Debug|Win32
		{06E90441-F473-4E9E-99C9-F482C1073E0E}.Debug|Win32.Build.0 = Debug|Win32
		{06E90441-F473-4E9E-99C9-F482C1073E0E}.Debug|Win64.ActiveCfg = Debug|x64
		{06E90441-F473-4E9E-99C9-F482C1073E0E}.Debug|Win64.Build.0 = Debug|x64
		{06E90441-F473-4E9E-99C9-F482C1073E0E}.Release|Win32.ActiveCfg = Release|Win32
		{06E90441-F473-4E9E-99C9-F482C1073E0E}.Release|Win32.Build.0 = Release|Win32
		{06E90441-F473-4E9E-99C9-F482C1073E0E}.Release|Win64.ActiveCfg = Release|x64
		{06E90441-F473-4E9E-99C9-F482C1073E0E}.Release|Win64.Build.0 = Release|x64
		{06E90441-F473-4E9E-99C9-F482C1073E0E}.VldMemLeakCheck|Win32.ActiveCfg = VldMemLeakCheck|Win32
		{06E90441-F473-4E9E-99C9-F482C1073E0E}.VldMemLeakCheck|Win32.Build.0 = VldMemLeakCheck|Win32
		{06E90441-F473-4E9E-99C9-F482C1073E0E}.VldMemLeakCheck|Win64.ActiveCfg = VldMemLeakCheck|x64
		{06E90441-F473-4E9E-99C9-F482C1073E0E}.VldMemLeakCheck|Win64.Build.0 = VldMemLeakCheck|x64
	EndGlobalSection
	GlobalSection(SolutionProperties) = preSolution
		HideSolutionNode = FALSE
	EndGlobalSection
EndGlobal
