
Microsoft Visual Studio Solution File, Format Version 11.00
# Visual Studio 2010
Project("{8BC9CEB8-8B4A-11D0-8D11-00A0C91BC942}") = "VNOC", "VNOC\VNOC.vcxproj", "{F5DBD0C4-9857-46E2-B401-D831D1CA4BF5}"
EndProject
Project("{8BC9CEB8-8B4A-11D0-8D11-00A0C91BC942}") = "cppunit_vs10", "..\cppunit-1.12.1\src\cppunit\cppunit_vs10.vcxproj", "{95F840C0-9600-4F98-71F2-A4DDF20245A9}"
EndProject
Project("{8BC9CEB8-8B4A-11D0-8D11-00A0C91BC942}") = "testRunner", "VNOC\testRunner\testRunner.vcxproj", "{5857152D-B7F5-4175-AD8C-DEA94DEDA32B}"
	ProjectSection(ProjectDependencies) = postProject
		{95F840C0-9600-4F98-71F2-A4DDF20245A9} = {95F840C0-9600-4F98-71F2-A4DDF20245A9}
	EndProjectSection
EndProject
Project("{8BC9CEB8-8B4A-11D0-8D11-00A0C91BC942}") = "VNOCC", "VNOCC\VNOCC.vcxproj", "{06E90441-F473-4E9E-99C9-F482C1073E0E}"
EndProject
Global
	GlobalSection(SolutionConfigurationPlatforms) = preSolution
		Debug|Win32 = Debug|Win32
		Debug|x64 = Debug|x64
		Release|Win32 = Release|Win32
		Release|x64 = Release|x64
		VldMemLeakCheck|Win32 = VldMemLeakCheck|Win32
		VldMemLeakCheck|x64 = VldMemLeakCheck|x64
	EndGlobalSection
	GlobalSection(ProjectConfigurationPlatforms) = postSolution
		{F5DBD0C4-9857-46E2-B401-D831D1CA4BF5}.Debug|Win32.ActiveCfg = Debug|Win32
		{F5DBD0C4-9857-46E2-B401-D831D1CA4BF5}.Debug|Win32.Build.0 = Debug|Win32
		{F5DBD0C4-9857-46E2-B401-D831D1CA4BF5}.Debug|x64.ActiveCfg = Debug|Win32
		{F5DBD0C4-9857-46E2-B401-D831D1CA4BF5}.Release|Win32.ActiveCfg = Release|Win32
		{F5DBD0C4-9857-46E2-B401-D831D1CA4BF5}.Release|Win32.Build.0 = Release|Win32
		{F5DBD0C4-9857-46E2-B401-D831D1CA4BF5}.Release|x64.ActiveCfg = Release|Win32
		{F5DBD0C4-9857-46E2-B401-D831D1CA4BF5}.VldMemLeakCheck|Win32.ActiveCfg = VldMemLeakCheck|Win32
		{F5DBD0C4-9857-46E2-B401-D831D1CA4BF5}.VldMemLeakCheck|Win32.Build.0 = VldMemLeakCheck|Win32
		{F5DBD0C4-9857-46E2-B401-D831D1CA4BF5}.VldMemLeakCheck|x64.ActiveCfg = VldMemLeakCheck|Win32
		{95F840C0-9600-4F98-71F2-A4DDF20245A9}.Debug|Win32.ActiveCfg = Debug|Win32
		{95F840C0-9600-4F98-71F2-A4DDF20245A9}.Debug|Win32.Build.0 = Debug|Win32
		{95F840C0-9600-4F98-71F2-A4DDF20245A9}.Debug|x64.ActiveCfg = Debug|x64
		{95F840C0-9600-4F98-71F2-A4DDF20245A9}.Debug|x64.Build.0 = Debug|x64
		{95F840C0-9600-4F98-71F2-A4DDF20245A9}.Release|Win32.ActiveCfg = Release|Win32
		{95F840C0-9600-4F98-71F2-A4DDF20245A9}.Release|Win32.Build.0 = Release|Win32
		{95F840C0-9600-4F98-71F2-A4DDF20245A9}.Release|x64.ActiveCfg = Release|x64
		{95F840C0-9600-4F98-71F2-A4DDF20245A9}.Release|x64.Build.0 = Release|x64
		{95F840C0-9600-4F98-71F2-A4DDF20245A9}.VldMemLeakCheck|Win32.ActiveCfg = Debug|Win32
		{95F840C0-9600-4F98-71F2-A4DDF20245A9}.VldMemLeakCheck|Win32.Build.0 = Debug|Win32
		{95F840C0-9600-4F98-71F2-A4DDF20245A9}.VldMemLeakCheck|x64.ActiveCfg = Template|x64
		{95F840C0-9600-4F98-71F2-A4DDF20245A9}.VldMemLeakCheck|x64.Build.0 = Template|x64
		{5857152D-B7F5-4175-AD8C-DEA94DEDA32B}.Debug|Win32.ActiveCfg = Debug|Win32
		{5857152D-B7F5-4175-AD8C-DEA94DEDA32B}.Debug|Win32.Build.0 = Debug|Win32
		{5857152D-B7F5-4175-AD8C-DEA94DEDA32B}.Debug|x64.ActiveCfg = Debug|Win32
		{5857152D-B7F5-4175-AD8C-DEA94DEDA32B}.Release|Win32.ActiveCfg = Release|Win32
		{5857152D-B7F5-4175-AD8C-DEA94DEDA32B}.Release|Win32.Build.0 = Release|Win32
		{5857152D-B7F5-4175-AD8C-DEA94DEDA32B}.Release|x64.ActiveCfg = Release|Win32
		{5857152D-B7F5-4175-AD8C-DEA94DEDA32B}.VldMemLeakCheck|Win32.ActiveCfg = Debug|Win32
		{5857152D-B7F5-4175-AD8C-DEA94DEDA32B}.VldMemLeakCheck|Win32.Build.0 = Debug|Win32
		{5857152D-B7F5-4175-AD8C-DEA94DEDA32B}.VldMemLeakCheck|x64.ActiveCfg = Release|Win32
		{06E90441-F473-4E9E-99C9-F482C1073E0E}.Debug|Win32.ActiveCfg = Debug|Win32
		{06E90441-F473-4E9E-99C9-F482C1073E0E}.Debug|Win32.Build.0 = Debug|Win32
		{06E90441-F473-4E9E-99C9-F482C1073E0E}.Debug|x64.ActiveCfg = Debug|Win32
		{06E90441-F473-4E9E-99C9-F482C1073E0E}.Release|Win32.ActiveCfg = Release|Win32
		{06E90441-F473-4E9E-99C9-F482C1073E0E}.Release|Win32.Build.0 = Release|Win32
		{06E90441-F473-4E9E-99C9-F482C1073E0E}.Release|x64.ActiveCfg = Release|Win32
		{06E90441-F473-4E9E-99C9-F482C1073E0E}.VldMemLeakCheck|Win32.ActiveCfg = VldMemLeakCheck|Win32
		{06E90441-F473-4E9E-99C9-F482C1073E0E}.VldMemLeakCheck|Win32.Build.0 = VldMemLeakCheck|Win32
		{06E90441-F473-4E9E-99C9-F482C1073E0E}.VldMemLeakCheck|x64.ActiveCfg = Release|Win32
	EndGlobalSection
	GlobalSection(SolutionProperties) = preSolution
		HideSolutionNode = FALSE
	EndGlobalSection
EndGlobal
