<?xml version="1.0" encoding="utf-8"?>
<Project ToolsVersion="4.0" xmlns="http://schemas.microsoft.com/developer/msbuild/2003">
  <ItemGroup>
    <Filter Include="Resource Files">
      <UniqueIdentifier>{67DA6AB6-F800-4c08-8B7A-83BB121AAD01}</UniqueIdentifier>
      <Extensions>rc;ico;cur;bmp;dlg;rc2;rct;bin;rgs;gif;jpg;jpeg;jpe;resx;tiff;tif;png;wav;mfcribbon-ms</Extensions>
    </Filter>
    <Filter Include="FrameWork">
      <UniqueIdentifier>{d0789c3a-68a6-4c02-a7e6-d94306dde427}</UniqueIdentifier>
    </Filter>
    <Filter Include="Util">
      <UniqueIdentifier>{ee804ca1-3800-4eb0-9a6c-211e434327a1}</UniqueIdentifier>
    </Filter>
    <Filter Include="Util\Public">
      <UniqueIdentifier>{9e05fbaf-f4de-42fa-80d0-60c1306a4391}</UniqueIdentifier>
    </Filter>
    <Filter Include="Config">
      <UniqueIdentifier>{aa9e61af-0ed6-4e9d-9162-c9c2905669be}</UniqueIdentifier>
    </Filter>
    <Filter Include="Net">
      <UniqueIdentifier>{1f0044bc-9b7a-4c6f-9437-72aec3e2dd27}</UniqueIdentifier>
    </Filter>
    <Filter Include="Net\Socket">
      <UniqueIdentifier>{90bc5d2c-09b6-44e9-9ee8-0cfd76455bee}</UniqueIdentifier>
    </Filter>
    <Filter Include="Config\TinyXML">
      <UniqueIdentifier>{42bbda5d-e16c-4491-83db-975d02aeac2a}</UniqueIdentifier>
    </Filter>
    <Filter Include="Net\Message">
      <UniqueIdentifier>{c8315cb1-8874-40b5-8ce8-8613e0e9c98b}</UniqueIdentifier>
    </Filter>
    <Filter Include="Logic">
      <UniqueIdentifier>{fc85c714-2cb6-4c08-8c01-5db94e706643}</UniqueIdentifier>
    </Filter>
    <Filter Include="Logic\room">
      <UniqueIdentifier>{cdc4c050-f912-4fad-8f7f-630dd0450988}</UniqueIdentifier>
    </Filter>
    <Filter Include="Logic\users">
      <UniqueIdentifier>{5c89666e-35a4-49e0-81ae-f16bcf0a90ca}</UniqueIdentifier>
    </Filter>
    <Filter Include="UI">
      <UniqueIdentifier>{61949cca-7673-4e66-b8dc-001242bd142b}</UniqueIdentifier>
    </Filter>
    <Filter Include="Include">
      <UniqueIdentifier>{902b6711-eb72-4a08-96d3-f4f28892bd9b}</UniqueIdentifier>
    </Filter>
    <Filter Include="CppTest">
      <UniqueIdentifier>{d5ace8d4-93aa-4c84-a4fb-0e143fb8b252}</UniqueIdentifier>
    </Filter>
    <Filter Include="Net\NMessage">
      <UniqueIdentifier>{2c1f7fac-6a46-4a9a-b8a8-b847694279af}</UniqueIdentifier>
    </Filter>
    <Filter Include="Net\NMessage\Message">
      <UniqueIdentifier>{564098b2-c8f6-4da3-a462-67c4223103ca}</UniqueIdentifier>
    </Filter>
    <Filter Include="Net\NMessage\MsgDataValue">
      <UniqueIdentifier>{6f0b0f68-94bf-405b-9db6-5a1b587429a4}</UniqueIdentifier>
    </Filter>
    <Filter Include="UI\BKWin">
      <UniqueIdentifier>{8f1ea992-fb89-4064-ae19-55c353722fe3}</UniqueIdentifier>
    </Filter>
    <Filter Include="UI\BKWin\Login">
      <UniqueIdentifier>{77586023-2e26-4c4b-936f-e4e0ef6341c5}</UniqueIdentifier>
    </Filter>
    <Filter Include="UI\BKWin\Room">
      <UniqueIdentifier>{75a3ef47-05a4-453f-9af2-822a9b0fe9e4}</UniqueIdentifier>
    </Filter>
    <Filter Include="UI\BKWin\RoomList">
      <UniqueIdentifier>{419fb8d3-fb14-43bb-9e57-07ada4a5de08}</UniqueIdentifier>
    </Filter>
    <Filter Include="UI\BKWin\BKWin">
      <UniqueIdentifier>{6bf85c6f-0f5b-4813-a78a-f17a43f45725}</UniqueIdentifier>
    </Filter>
    <Filter Include="UI\Console">
      <UniqueIdentifier>{45e50712-9fac-4731-a388-90a224ccdb1a}</UniqueIdentifier>
    </Filter>
    <Filter Include="Net\NMessage\Message\Produce">
      <UniqueIdentifier>{331cbf62-e92c-4964-8105-34a937d88b39}</UniqueIdentifier>
    </Filter>
  </ItemGroup>
  <ItemGroup>
    <ClInclude Include="FrameWork\Error.hpp">
      <Filter>FrameWork</Filter>
    </ClInclude>
    <ClInclude Include="FrameWork\FrameWork.h">
      <Filter>FrameWork</Filter>
    </ClInclude>
    <ClInclude Include="FrameWork\GlobalCenter.h">
      <Filter>FrameWork</Filter>
    </ClInclude>
    <ClInclude Include="FrameWork\GlobalDefine.h">
      <Filter>FrameWork</Filter>
    </ClInclude>
    <ClInclude Include="FrameWork\IFrameWork.h">
      <Filter>FrameWork</Filter>
    </ClInclude>
    <ClInclude Include="FrameWork\IGlobal.h">
      <Filter>FrameWork</Filter>
    </ClInclude>
    <ClInclude Include="FrameWork\ResDefine.h">
      <Filter>FrameWork</Filter>
    </ClInclude>
    <ClInclude Include="util\bind.hpp">
      <Filter>Util\Public</Filter>
    </ClInclude>
    <ClInclude Include="util\BLog.h">
      <Filter>Util\Public</Filter>
    </ClInclude>
    <ClInclude Include="util\CBuffer.h">
      <Filter>Util\Public</Filter>
    </ClInclude>
    <ClInclude Include="util\DbgHelper.hpp">
      <Filter>Util\Public</Filter>
    </ClInclude>
    <ClInclude Include="util\IRefCountImpl.h">
      <Filter>Util\Public</Filter>
    </ClInclude>
    <ClInclude Include="util\MD5.h">
      <Filter>Util\Public</Filter>
    </ClInclude>
    <ClInclude Include="util\MD5ChecksumDefines.h">
      <Filter>Util\Public</Filter>
    </ClInclude>
    <ClInclude Include="util\Performance.h">
      <Filter>Util\Public</Filter>
    </ClInclude>
    <ClInclude Include="util\TaskThread.h">
      <Filter>Util\Public</Filter>
    </ClInclude>
    <ClInclude Include="util\ThreadDefine.h">
      <Filter>Util\Public</Filter>
    </ClInclude>
    <ClInclude Include="util\TLS.h">
      <Filter>Util\Public</Filter>
    </ClInclude>
    <ClInclude Include="util\util.h">
      <Filter>Util\Public</Filter>
    </ClInclude>
    <ClInclude Include="config\Config.h">
      <Filter>Config</Filter>
    </ClInclude>
    <ClInclude Include="config\ConfigDefine.h">
      <Filter>Config</Filter>
    </ClInclude>
    <ClInclude Include="config\IConfig.h">
      <Filter>Config</Filter>
    </ClInclude>
    <ClInclude Include="net\INet.h">
      <Filter>Net</Filter>
    </ClInclude>
    <ClInclude Include="net\Net.h">
      <Filter>Net</Filter>
    </ClInclude>
    <ClInclude Include="net\Socket\AsyncSocket.h">
      <Filter>Net\Socket</Filter>
    </ClInclude>
    <ClInclude Include="net\Socket\AsyncSocketEx.h">
      <Filter>Net\Socket</Filter>
    </ClInclude>
    <ClInclude Include="net\Socket\ISocket.h">
      <Filter>Net\Socket</Filter>
    </ClInclude>
    <ClInclude Include="net\Socket\SockWnd.h">
      <Filter>Net\Socket</Filter>
    </ClInclude>
    <ClInclude Include="net\Socket\VNOCSocket.h">
      <Filter>Net\Socket</Filter>
    </ClInclude>
    <ClInclude Include="..\..\ThirdLibs\TinyXML\tinystr.h">
      <Filter>Config\TinyXML</Filter>
    </ClInclude>
    <ClInclude Include="..\..\ThirdLibs\TinyXML\tinyxml.h">
      <Filter>Config\TinyXML</Filter>
    </ClInclude>
    <ClInclude Include="..\..\Message\MessageDef.h">
      <Filter>Net\Message</Filter>
    </ClInclude>
    <ClInclude Include="..\..\Message\MessageErrorDefine.hpp">
      <Filter>Net\Message</Filter>
    </ClInclude>
    <ClInclude Include="..\..\Message\MessageParser.h">
      <Filter>Net\Message</Filter>
    </ClInclude>
    <ClInclude Include="..\..\Message\MSG_ACI.h">
      <Filter>Net\Message</Filter>
    </ClInclude>
    <ClInclude Include="..\..\Message\MSG_ACL.h">
      <Filter>Net\Message</Filter>
    </ClInclude>
    <ClInclude Include="..\..\Message\MSG_ACS.h">
      <Filter>Net\Message</Filter>
    </ClInclude>
    <ClInclude Include="..\..\Message\MSG_ALI.h">
      <Filter>Net\Message</Filter>
    </ClInclude>
    <ClInclude Include="..\..\Message\MSG_APG.h">
      <Filter>Net\Message</Filter>
    </ClInclude>
    <ClInclude Include="..\..\Message\MSG_APS.h">
      <Filter>Net\Message</Filter>
    </ClInclude>
    <ClInclude Include="..\..\Message\MSG_AVC.h">
      <Filter>Net\Message</Filter>
    </ClInclude>
    <ClInclude Include="..\..\Message\MSG_RCI.h">
      <Filter>Net\Message</Filter>
    </ClInclude>
    <ClInclude Include="..\..\Message\MSG_RCL.h">
      <Filter>Net\Message</Filter>
    </ClInclude>
    <ClInclude Include="..\..\Message\MSG_RLI.h">
      <Filter>Net\Message</Filter>
    </ClInclude>
    <ClInclude Include="..\..\Message\MSG_RPG.h">
      <Filter>Net\Message</Filter>
    </ClInclude>
    <ClInclude Include="..\..\Message\MSG_RPS.h">
      <Filter>Net\Message</Filter>
    </ClInclude>
    <ClInclude Include="..\..\Message\MSG_RVC.h">
      <Filter>Net\Message</Filter>
    </ClInclude>
    <ClInclude Include="..\..\Message\MSG_UNION.h">
      <Filter>Net\Message</Filter>
    </ClInclude>
    <ClInclude Include="..\..\Message\PackMessage.h">
      <Filter>Net\Message</Filter>
    </ClInclude>
    <ClInclude Include="..\..\Message\BaseMessage.h">
      <Filter>Net\Message</Filter>
    </ClInclude>
    <ClInclude Include="Logic\room\Room.h">
      <Filter>Logic\room</Filter>
    </ClInclude>
    <ClInclude Include="Logic\room\RoomMgr.h">
      <Filter>Logic\room</Filter>
    </ClInclude>
    <ClInclude Include="Logic\room\IRoomMgr.h">
      <Filter>Logic\room</Filter>
    </ClInclude>
    <ClInclude Include="Logic\UserSession\LoginImpl.h">
      <Filter>Logic\users</Filter>
    </ClInclude>
    <ClInclude Include="Logic\UserSession\StrMatch.hpp">
      <Filter>Logic\users</Filter>
    </ClInclude>
    <ClInclude Include="Logic\UserSession\ILogin.h">
      <Filter>Logic\users</Filter>
    </ClInclude>
    <ClInclude Include="GUI\LoginWin\BKWinLogin.h">
      <Filter>UI\BKWin\Login</Filter>
    </ClInclude>
    <ClInclude Include="GUI\RoomListWin\BKWinRoomList.h">
      <Filter>UI\BKWin\RoomList</Filter>
    </ClInclude>
    <ClInclude Include="GUI\RoomWin\BKWinClassroom.h">
      <Filter>UI\BKWin\Room</Filter>
    </ClInclude>
    <ClInclude Include="include\Error.hpp">
      <Filter>Include</Filter>
    </ClInclude>
    <ClInclude Include="include\IModule.h">
      <Filter>Include</Filter>
    </ClInclude>
    <ClInclude Include="include\IRefCountImpl.h">
      <Filter>Include</Filter>
    </ClInclude>
    <ClInclude Include="include\stdafx.h">
      <Filter>Include</Filter>
    </ClInclude>
    <ClInclude Include="include\XMessage.hpp">
      <Filter>Include</Filter>
    </ClInclude>
    <ClInclude Include="GUI\BKWin\bkwin\bkobject.h">
      <Filter>UI\BKWin\BKWin</Filter>
    </ClInclude>
    <ClInclude Include="GUI\BKWin\bkwin\bkskin.h">
      <Filter>UI\BKWin\BKWin</Filter>
    </ClInclude>
    <ClInclude Include="GUI\BKWin\bkwin\bktheme.h">
      <Filter>UI\BKWin\BKWin</Filter>
    </ClInclude>
    <ClInclude Include="GUI\BKWin\bkwin\bkwnd.h">
      <Filter>UI\BKWin\BKWin</Filter>
    </ClInclude>
    <ClInclude Include="GUI\BKWin\bkwin\bkwndcmnctrl.h">
      <Filter>UI\BKWin\BKWin</Filter>
    </ClInclude>
    <ClInclude Include="GUI\BKWin\bkwin\bkwnddlg.h">
      <Filter>UI\BKWin\BKWin</Filter>
    </ClInclude>
    <ClInclude Include="GUI\BKWin\bkwin\bkwnddlgfile.h">
      <Filter>UI\BKWin\BKWin</Filter>
    </ClInclude>
    <ClInclude Include="GUI\BKWin\bkwin\bkwndedit.h">
      <Filter>UI\BKWin\BKWin</Filter>
    </ClInclude>
    <ClInclude Include="GUI\BKWin\bkwin\bkwndnotify.h">
      <Filter>UI\BKWin\BKWin</Filter>
    </ClInclude>
    <ClInclude Include="GUI\BKWin\bkwin\bkwndpanel.h">
      <Filter>UI\BKWin\BKWin</Filter>
    </ClInclude>
    <ClInclude Include="GUI\BKWin\bkwin\bkwndrichtxt.h">
      <Filter>UI\BKWin\BKWin</Filter>
    </ClInclude>
    <ClInclude Include="GUI\BKWin\bkwin\bkwndstyle.h">
      <Filter>UI\BKWin\BKWin</Filter>
    </ClInclude>
    <ClInclude Include="GUI\BKWin\bkwin\bkwndtabctrl.h">
      <Filter>UI\BKWin\BKWin</Filter>
    </ClInclude>
    <ClInclude Include="GUI\BKWin\bkwin\listboxbase.h">
      <Filter>UI\BKWin\BKWin</Filter>
    </ClInclude>
    <ClInclude Include="GUI\BKWin\bkwin\ListViewCtrlEx.h">
      <Filter>UI\BKWin\BKWin</Filter>
    </ClInclude>
    <ClInclude Include="GUI\BKWin\bkwin\Schemadef.h">
      <Filter>UI\BKWin\BKWin</Filter>
    </ClInclude>
    <ClInclude Include="GUI\BKWin\bkwin\Tmschema.h">
      <Filter>UI\BKWin\BKWin</Filter>
    </ClInclude>
    <ClInclude Include="GUI\BKWin\bkwin\Uxtheme.h">
      <Filter>UI\BKWin\BKWin</Filter>
    </ClInclude>
    <ClInclude Include="GUI\BKWin\bkwin\bkatldefine.h">
      <Filter>UI\BKWin\BKWin</Filter>
    </ClInclude>
    <ClInclude Include="GUI\BKWin\bkwin\bkcolor.h">
      <Filter>UI\BKWin\BKWin</Filter>
    </ClInclude>
    <ClInclude Include="GUI\BKWin\bkwin\bkdlgview.h">
      <Filter>UI\BKWin\BKWin</Filter>
    </ClInclude>
    <ClInclude Include="GUI\BKWin\bkwin\bkimage.h">
      <Filter>UI\BKWin\BKWin</Filter>
    </ClInclude>
    <ClInclude Include="GUI\BKWin\bkwin\bklistbox.h">
      <Filter>UI\BKWin\BKWin</Filter>
    </ClInclude>
    <ClInclude Include="GUI\BKWin\bkwin\bklistview.h">
      <Filter>UI\BKWin\BKWin</Filter>
    </ClInclude>
    <ClInclude Include="FrameWork\Factory.h">
      <Filter>FrameWork</Filter>
    </ClInclude>
    <ClInclude Include="CppUnitTest\TestClassHeader.h">
      <Filter>CppTest</Filter>
    </ClInclude>
    <ClInclude Include="CppUnitTest\testRunner.h">
      <Filter>CppTest</Filter>
    </ClInclude>
    <ClInclude Include="..\..\NMessage\BufferMessage.h">
      <Filter>Net\NMessage\Message</Filter>
    </ClInclude>
    <ClInclude Include="..\..\NMessage\CMessage.h">
      <Filter>Net\NMessage\Message</Filter>
    </ClInclude>
    <ClInclude Include="..\..\NMessage\IBaseMessage.h">
      <Filter>Net\NMessage\Message</Filter>
    </ClInclude>
    <ClInclude Include="..\..\NMessage\IReadMessage.h">
      <Filter>Net\NMessage\Message</Filter>
    </ClInclude>
    <ClInclude Include="..\..\NMessage\IWriteMessage.h">
      <Filter>Net\NMessage\Message</Filter>
    </ClInclude>
    <ClInclude Include="..\..\NMessage\Message2Pack.h">
      <Filter>Net\NMessage\Message</Filter>
    </ClInclude>
    <ClInclude Include="..\..\NMessage\MessageDef.h">
      <Filter>Net\NMessage\Message</Filter>
    </ClInclude>
    <ClInclude Include="..\..\NMessage\XMLObject.h">
      <Filter>Net\NMessage\Message</Filter>
    </ClInclude>
    <ClInclude Include="..\..\NMessage\MsgDataValue\MsgDataValue.h">
      <Filter>Net\NMessage\MsgDataValue</Filter>
    </ClInclude>
    <ClInclude Include="..\..\NMessage\MsgDataValue\StringData.h">
      <Filter>Net\NMessage\MsgDataValue</Filter>
    </ClInclude>
    <ClInclude Include="..\..\NMessage\MsgDataValue\ArrayData.h">
      <Filter>Net\NMessage\MsgDataValue</Filter>
    </ClInclude>
    <ClInclude Include="..\..\NMessage\ParserMessageXML.h">
      <Filter>Net\NMessage\Message</Filter>
    </ClInclude>
    <ClInclude Include="..\..\NMessage\MsgDataValue\NumData.hpp">
      <Filter>Net\NMessage\MsgDataValue</Filter>
    </ClInclude>
    <ClInclude Include="..\..\NMessage\MsgDataValue\NumData_t.hpp">
      <Filter>Net\NMessage\MsgDataValue</Filter>
    </ClInclude>
    <ClInclude Include="..\..\NMessage\Message2Parser.h">
      <Filter>Net\NMessage\Message</Filter>
    </ClInclude>
    <ClInclude Include="..\..\NMessage\MSG_AnswerClassInfo.h">
      <Filter>Net\NMessage\Message\Produce</Filter>
    </ClInclude>
    <ClInclude Include="..\..\NMessage\MSG_AnswerClassList.h">
      <Filter>Net\NMessage\Message\Produce</Filter>
    </ClInclude>
    <ClInclude Include="..\..\NMessage\MSG_AnswerLogin.h">
      <Filter>Net\NMessage\Message\Produce</Filter>
    </ClInclude>
    <ClInclude Include="..\..\NMessage\MSG_AnswerProfileSync.h">
      <Filter>Net\NMessage\Message\Produce</Filter>
    </ClInclude>
    <ClInclude Include="..\..\NMessage\MSG_AnswerRegister.h">
      <Filter>Net\NMessage\Message\Produce</Filter>
    </ClInclude>
    <ClInclude Include="..\..\NMessage\MSG_AnswerVerificationCode.h">
      <Filter>Net\NMessage\Message\Produce</Filter>
    </ClInclude>
    <ClInclude Include="..\..\NMessage\MSG_RequestClassInfo.h">
      <Filter>Net\NMessage\Message\Produce</Filter>
    </ClInclude>
    <ClInclude Include="..\..\NMessage\MSG_RequestClassList.h">
      <Filter>Net\NMessage\Message\Produce</Filter>
    </ClInclude>
    <ClInclude Include="..\..\NMessage\MSG_RequestLogin.h">
      <Filter>Net\NMessage\Message\Produce</Filter>
    </ClInclude>
    <ClInclude Include="..\..\NMessage\MSG_RequestProfileSync.h">
      <Filter>Net\NMessage\Message\Produce</Filter>
    </ClInclude>
    <ClInclude Include="..\..\NMessage\MSG_RequestRegister.h">
      <Filter>Net\NMessage\Message\Produce</Filter>
    </ClInclude>
    <ClInclude Include="..\..\NMessage\MSG_RequestVerificationCode.h">
      <Filter>Net\NMessage\Message\Produce</Filter>
    </ClInclude>
    <ClInclude Include="..\..\NMessage\MessageUnion.h">
      <Filter>Net\NMessage\Message\Produce</Filter>
    </ClInclude>
    <ClInclude Include="..\..\NMessage\MessageUnionDef.h">
      <Filter>Net\NMessage\Message\Produce</Filter>
    </ClInclude>
  </ItemGroup>
  <ItemGroup>
    <ClCompile Include="FrameWork\FrameWork.cpp">
      <Filter>FrameWork</Filter>
    </ClCompile>
    <ClCompile Include="FrameWork\GlobalCenter.cpp">
      <Filter>FrameWork</Filter>
    </ClCompile>
    <ClCompile Include="FrameWork\GlobalLog.cpp">
      <Filter>FrameWork</Filter>
    </ClCompile>
    <ClCompile Include="FrameWork\Main.cpp">
      <Filter>FrameWork</Filter>
    </ClCompile>
    <ClCompile Include="util\BLog.cpp">
      <Filter>Util\Public</Filter>
    </ClCompile>
    <ClCompile Include="util\CBuffer.cpp">
      <Filter>Util\Public</Filter>
    </ClCompile>
    <ClCompile Include="util\MD5.cpp">
      <Filter>Util\Public</Filter>
    </ClCompile>
    <ClCompile Include="util\TaskThread.cpp">
      <Filter>Util\Public</Filter>
    </ClCompile>
    <ClCompile Include="util\TLS.cpp">
      <Filter>Util\Public</Filter>
    </ClCompile>
    <ClCompile Include="util\util.cpp">
      <Filter>Util\Public</Filter>
    </ClCompile>
    <ClCompile Include="config\Config.cpp">
      <Filter>Config</Filter>
    </ClCompile>
    <ClCompile Include="net\Net.cpp">
      <Filter>Net</Filter>
    </ClCompile>
    <ClCompile Include="net\Socket\AsyncSocketEx.cpp">
      <Filter>Net\Socket</Filter>
    </ClCompile>
    <ClCompile Include="net\Socket\SockWnd.cpp">
      <Filter>Net\Socket</Filter>
    </ClCompile>
    <ClCompile Include="net\Socket\VNOCSocket.cpp">
      <Filter>Net\Socket</Filter>
    </ClCompile>
    <ClCompile Include="net\Socket\AsyncSocket.cpp">
      <Filter>Net\Socket</Filter>
    </ClCompile>
    <ClCompile Include="..\..\ThirdLibs\TinyXML\tinystr.cpp">
      <Filter>Config\TinyXML</Filter>
    </ClCompile>
    <ClCompile Include="..\..\ThirdLibs\TinyXML\tinyxml.cpp">
      <Filter>Config\TinyXML</Filter>
    </ClCompile>
    <ClCompile Include="..\..\ThirdLibs\TinyXML\tinyxmlerror.cpp">
      <Filter>Config\TinyXML</Filter>
    </ClCompile>
    <ClCompile Include="..\..\ThirdLibs\TinyXML\tinyxmlparser.cpp">
      <Filter>Config\TinyXML</Filter>
    </ClCompile>
    <ClCompile Include="..\..\Message\MessageParser.cpp">
      <Filter>Net\Message</Filter>
    </ClCompile>
    <ClCompile Include="..\..\Message\PackMessage.cpp">
      <Filter>Net\Message</Filter>
    </ClCompile>
    <ClCompile Include="..\..\Message\BaseMessage.cpp">
      <Filter>Net\Message</Filter>
    </ClCompile>
    <ClCompile Include="Logic\room\Room.cpp">
      <Filter>Logic\room</Filter>
    </ClCompile>
    <ClCompile Include="Logic\room\RoomMgr.cpp">
      <Filter>Logic\room</Filter>
    </ClCompile>
    <ClCompile Include="Logic\UserSession\LoginImpl.cpp">
      <Filter>Logic\users</Filter>
    </ClCompile>
    <ClCompile Include="GUI\LoginWin\BKWinLogin.cpp">
      <Filter>UI\BKWin\Login</Filter>
    </ClCompile>
    <ClCompile Include="GUI\RoomListWin\BKWinRoomList.cpp">
      <Filter>UI\BKWin\RoomList</Filter>
    </ClCompile>
    <ClCompile Include="GUI\RoomWin\BKWinClassroom.cpp">
      <Filter>UI\BKWin\Room</Filter>
    </ClCompile>
    <ClCompile Include="GUI\BKWin\bkwin\ListViewCtrlEx.cpp">
      <Filter>UI\BKWin\BKWin</Filter>
    </ClCompile>
    <ClCompile Include="FrameWork\Factory.cpp">
      <Filter>FrameWork</Filter>
    </ClCompile>
    <ClCompile Include="CppUnitTest\testRunner.cpp">
      <Filter>CppTest</Filter>
    </ClCompile>
    <ClCompile Include="..\..\NMessage\BufferMessage.cpp">
      <Filter>Net\NMessage\Message</Filter>
    </ClCompile>
    <ClCompile Include="..\..\NMessage\CMessage.cpp">
      <Filter>Net\NMessage\Message</Filter>
    </ClCompile>
    <ClCompile Include="..\..\NMessage\Message2Pack.cpp">
      <Filter>Net\NMessage\Message</Filter>
    </ClCompile>
    <ClCompile Include="..\..\NMessage\ParserMessageXML.cpp">
      <Filter>Net\NMessage\Message</Filter>
    </ClCompile>
    <ClCompile Include="..\..\NMessage\MsgDataValue\MsgDataValue.cpp">
      <Filter>Net\NMessage\MsgDataValue</Filter>
    </ClCompile>
    <ClCompile Include="..\..\NMessage\MsgDataValue\StringData.cpp">
      <Filter>Net\NMessage\MsgDataValue</Filter>
    </ClCompile>
    <ClCompile Include="..\..\NMessage\MsgDataValue\ArrayData.cpp">
      <Filter>Net\NMessage\MsgDataValue</Filter>
    </ClCompile>
    <ClCompile Include="Logic\room\roommgrTest.cpp">
      <Filter>Logic\room</Filter>
    </ClCompile>
    <ClCompile Include="CppUnitTest\testPackMessage.cpp">
      <Filter>Net\NMessage</Filter>
    </ClCompile>
    <ClCompile Include="CppUnitTest\Vnocp1MessageParserTest.cpp">
      <Filter>Net\NMessage</Filter>
    </ClCompile>
    <ClCompile Include="Logic\UserSession\usersessionTest.cpp">
      <Filter>Logic\users</Filter>
    </ClCompile>
    <ClCompile Include="..\..\NMessage\XMLObject.cpp">
      <Filter>Net\NMessage\Message</Filter>
    </ClCompile>
    <ClCompile Include="..\..\NMessage\Message2Parser.cpp">
      <Filter>Net\NMessage\Message</Filter>
    </ClCompile>
    <ClCompile Include="CppUnitTest\MSG_Message_Test.cpp">
      <Filter>Net\NMessage</Filter>
    </ClCompile>
  </ItemGroup>
  <ItemGroup>
    <None Include="util\Performance.inl">
      <Filter>Util\Public</Filter>
    </None>
  </ItemGroup>
  <ItemGroup>
    <Xml Include="Resource\config.xml">
      <Filter>Resource Files</Filter>
    </Xml>
    <Xml Include="Resource\msgdef.xml">
      <Filter>Resource Files</Filter>
    </Xml>
  </ItemGroup>
  <ItemGroup>
    <ResourceCompile Include="Resource.rc">
      <Filter>Resource Files</Filter>
    </ResourceCompile>
    <ResourceCompile Include="GUI\BKWin\bkres\bkres.rc">
      <Filter>Resource Files</Filter>
    </ResourceCompile>
  </ItemGroup>
</Project>