<?xml version="1.0" encoding="utf-8"?>
<Project ToolsVersion="4.0" xmlns="http://schemas.microsoft.com/developer/msbuild/2003">
  <ItemGroup>
    <ClInclude Include="src\GlobalDefinition.h">
      <Filter>modules</Filter>
    </ClInclude>
    <ClInclude Include="src\Room.h">
      <Filter>modules\room</Filter>
    </ClInclude>
    <ClInclude Include="src\RoomManager.h">
      <Filter>modules\room</Filter>
    </ClInclude>
    <ClInclude Include="src\VNOCUser.h">
      <Filter>modules\obj</Filter>
    </ClInclude>
    <ClInclude Include="src\RoomPool.h">
      <Filter>modules\room</Filter>
    </ClInclude>
    <ClInclude Include="src\RoomPool.cpp">
      <Filter>modules\room</Filter>
    </ClInclude>
    <ClInclude Include="src\RvcMessageHandler.hpp">
      <Filter>handlers</Filter>
    </ClInclude>
    <ClInclude Include="src\RliMessageHandler.hpp">
      <Filter>handlers</Filter>
    </ClInclude>
    <ClInclude Include="src\RclMessageHandler.hpp">
      <Filter>handlers</Filter>
    </ClInclude>
    <ClInclude Include="src\AsioTcpConnection.hpp">
      <Filter>service</Filter>
    </ClInclude>
    <ClInclude Include="src\AsioTcpServer.hpp">
      <Filter>service</Filter>
    </ClInclude>
    <ClInclude Include="src\VnocMessageSocketHandler.hpp">
      <Filter>service</Filter>
    </ClInclude>
    <ClInclude Include="src\Config.hpp">
      <Filter>config</Filter>
    </ClInclude>
    <ClInclude Include="src\VnocProtocol.hpp">
      <Filter>service</Filter>
    </ClInclude>
    <ClInclude Include="src\Common.h">
      <Filter>common</Filter>
    </ClInclude>
    <ClInclude Include="src\SQLUserStorage.h">
      <Filter>database</Filter>
    </ClInclude>
    <ClInclude Include="src\mysql\MysqlWrapper.h">
      <Filter>database</Filter>
    </ClInclude>
    <ClInclude Include="src\FileUserStorage.h">
      <Filter>database</Filter>
    </ClInclude>
    <ClInclude Include="src\SocketServer.hpp">
      <Filter>service</Filter>
    </ClInclude>
    <ClInclude Include=".\src\UserStorage.h">
      <Filter>database</Filter>
    </ClInclude>
    <ClInclude Include=".\src\UserManage.hpp">
      <Filter>database</Filter>
    </ClInclude>
    <ClInclude Include="src\UserInfo.hpp">
      <Filter>database</Filter>
    </ClInclude>
    <ClInclude Include="src\NetService.h">
      <Filter>service</Filter>
    </ClInclude>
    <ClInclude Include="src\util.hpp">
      <Filter>common</Filter>
    </ClInclude>
    <ClInclude Include="..\NMessage\Message2Pack.h">
      <Filter>message</Filter>
    </ClInclude>
    <ClInclude Include="..\NMessage\Message2Parser.h">
      <Filter>message</Filter>
    </ClInclude>
    <ClInclude Include="..\NMessage\MessageUnion.h">
      <Filter>message</Filter>
    </ClInclude>
    <ClInclude Include="..\NMessage\BufferMessage.h">
      <Filter>message</Filter>
    </ClInclude>
    <ClInclude Include="..\NMessage\MsgDataValue\ArrayData.h">
      <Filter>message\MsgDataValue</Filter>
    </ClInclude>
    <ClInclude Include="..\NMessage\MsgDataValue\MsgDataValue.h">
      <Filter>message\MsgDataValue</Filter>
    </ClInclude>
    <ClInclude Include="..\NMessage\MsgDataValue\NumData.hpp">
      <Filter>message\MsgDataValue</Filter>
    </ClInclude>
    <ClInclude Include="..\NMessage\MsgDataValue\NumData_t.hpp">
      <Filter>message\MsgDataValue</Filter>
    </ClInclude>
    <ClInclude Include="..\NMessage\MsgDataValue\StringData.h">
      <Filter>message\MsgDataValue</Filter>
    </ClInclude>
    <ClInclude Include="..\NMessage\CMessage.h">
      <Filter>message</Filter>
    </ClInclude>
    <ClInclude Include="..\NMessage\IBaseMessage.h">
      <Filter>message</Filter>
    </ClInclude>
    <ClInclude Include="..\NMessage\IReadMessage.h">
      <Filter>message</Filter>
    </ClInclude>
    <ClInclude Include="..\NMessage\IWriteMessage.h">
      <Filter>message</Filter>
    </ClInclude>
    <ClInclude Include="..\NMessage\MessageDef.h">
      <Filter>message</Filter>
    </ClInclude>
    <ClInclude Include="..\NMessage\ParserMessageXML.h">
      <Filter>message</Filter>
    </ClInclude>
    <ClInclude Include="..\NMessage\XMLObject.h">
      <Filter>message</Filter>
    </ClInclude>
    <ClInclude Include="..\ThirdLibs\TinyXML\tinystr.h">
      <Filter>Tinyxml</Filter>
    </ClInclude>
    <ClInclude Include="..\ThirdLibs\TinyXML\tinyxml.h">
      <Filter>Tinyxml</Filter>
    </ClInclude>
    <ClInclude Include="src\RecMessageHandler.hpp">
      <Filter>handlers</Filter>
    </ClInclude>
  </ItemGroup>
  <ItemGroup>
    <ClCompile Include="..\program_options\cmdline.cpp">
      <Filter>common\po</Filter>
    </ClCompile>
    <ClCompile Include="..\program_options\config_file.cpp">
      <Filter>common\po</Filter>
    </ClCompile>
    <ClCompile Include="..\program_options\options_description.cpp">
      <Filter>common\po</Filter>
    </ClCompile>
    <ClCompile Include="..\program_options\parsers.cpp">
      <Filter>common\po</Filter>
    </ClCompile>
    <ClCompile Include="..\program_options\positional_options.cpp">
      <Filter>common\po</Filter>
    </ClCompile>
    <ClCompile Include="..\program_options\split.cpp">
      <Filter>common\po</Filter>
    </ClCompile>
    <ClCompile Include="..\program_options\value_semantic.cpp">
      <Filter>common\po</Filter>
    </ClCompile>
    <ClCompile Include="..\program_options\variables_map.cpp">
      <Filter>common\po</Filter>
    </ClCompile>
    <ClCompile Include="..\program_options\winmain.cpp">
      <Filter>common\po</Filter>
    </ClCompile>
    <ClCompile Include="..\program_options\convert.cpp">
      <Filter>common\po</Filter>
    </ClCompile>
    <ClCompile Include="..\program_options\utf8_codecvt_facet.cpp">
      <Filter>common\po</Filter>
    </ClCompile>
    <ClCompile Include="src\RoomManager.cpp">
      <Filter>modules\room</Filter>
    </ClCompile>
    <ClCompile Include="src\Room.cpp">
      <Filter>modules\room</Filter>
    </ClCompile>
    <ClCompile Include="src\VNOCUser.cpp">
      <Filter>modules\obj</Filter>
    </ClCompile>
    <ClCompile Include="src\AsioTcpServer.cpp">
      <Filter>service</Filter>
    </ClCompile>
    <ClCompile Include="src\VNOCServer.cpp" />
    <ClCompile Include="src\NetService.cpp">
      <Filter>service</Filter>
    </ClCompile>
    <ClCompile Include="src\VnocProtocol.cpp">
      <Filter>service</Filter>
    </ClCompile>
    <ClCompile Include="src\UserStorage.cpp">
      <Filter>database</Filter>
    </ClCompile>
    <ClCompile Include="src\UserManage.cpp">
      <Filter>database</Filter>
    </ClCompile>
    <ClCompile Include="src\SQLUserStorage.cpp">
      <Filter>database</Filter>
    </ClCompile>
    <ClCompile Include="src\mysql\MysqlWrapper.cpp">
      <Filter>database</Filter>
    </ClCompile>
    <ClCompile Include="src\FileUserStorage.cpp">
      <Filter>database</Filter>
    </ClCompile>
    <ClCompile Include="src\Config.cpp">
      <Filter>config</Filter>
    </ClCompile>
    <ClCompile Include="..\NMessage\Message2Pack.cpp">
      <Filter>message</Filter>
    </ClCompile>
    <ClCompile Include="..\NMessage\Message2Parser.cpp">
      <Filter>message</Filter>
    </ClCompile>
    <ClCompile Include="..\NMessage\BufferMessage.cpp">
      <Filter>message</Filter>
    </ClCompile>
    <ClCompile Include="..\NMessage\MsgDataValue\ArrayData.cpp">
      <Filter>message\MsgDataValue</Filter>
    </ClCompile>
    <ClCompile Include="..\NMessage\MsgDataValue\MsgDataValue.cpp">
      <Filter>message\MsgDataValue</Filter>
    </ClCompile>
    <ClCompile Include="..\NMessage\MsgDataValue\StringData.cpp">
      <Filter>message\MsgDataValue</Filter>
    </ClCompile>
    <ClCompile Include="..\NMessage\CMessage.cpp">
      <Filter>message</Filter>
    </ClCompile>
    <ClCompile Include="..\NMessage\ParserMessageXML.cpp">
      <Filter>message</Filter>
    </ClCompile>
    <ClCompile Include="..\NMessage\XMLObject.cpp">
      <Filter>message</Filter>
    </ClCompile>
    <ClCompile Include="..\ThirdLibs\TinyXML\tinystr.cpp">
      <Filter>Tinyxml</Filter>
    </ClCompile>
    <ClCompile Include="..\ThirdLibs\TinyXML\tinyxml.cpp">
      <Filter>Tinyxml</Filter>
    </ClCompile>
    <ClCompile Include="..\ThirdLibs\TinyXML\tinyxmlerror.cpp">
      <Filter>Tinyxml</Filter>
    </ClCompile>
    <ClCompile Include="..\ThirdLibs\TinyXML\tinyxmlparser.cpp">
      <Filter>Tinyxml</Filter>
    </ClCompile>
  </ItemGroup>
  <ItemGroup>
    <Filter Include="handlers">
      <UniqueIdentifier>{bb5a4351-106e-413d-8eff-2ce37b97bd8c}</UniqueIdentifier>
    </Filter>
    <Filter Include="service">
      <UniqueIdentifier>{22bc2e4a-f0a8-4e88-afd0-f89104921b77}</UniqueIdentifier>
    </Filter>
    <Filter Include="message">
      <UniqueIdentifier>{ffa6ecef-1bba-4e99-81ca-aee1b537d022}</UniqueIdentifier>
    </Filter>
    <Filter Include="config">
      <UniqueIdentifier>{507323fa-5a96-4da0-b999-afb35d6b8ed6}</UniqueIdentifier>
    </Filter>
    <Filter Include="common">
      <UniqueIdentifier>{f4513da3-85ef-48ab-958e-6f1ef56a8483}</UniqueIdentifier>
    </Filter>
    <Filter Include="database">
      <UniqueIdentifier>{1fa30f25-1661-46e4-8224-9ba60b64c9a4}</UniqueIdentifier>
    </Filter>
    <Filter Include="modules">
      <UniqueIdentifier>{92577f27-b8e6-42e9-9ffd-bd169d758e28}</UniqueIdentifier>
    </Filter>
    <Filter Include="modules\room">
      <UniqueIdentifier>{5ccd4261-0374-44c1-861c-61b0aa95e1e4}</UniqueIdentifier>
    </Filter>
    <Filter Include="modules\obj">
      <UniqueIdentifier>{3024ed16-4ff3-4cc4-b9bc-df016cf13f03}</UniqueIdentifier>
    </Filter>
    <Filter Include="common\po">
      <UniqueIdentifier>{def1898a-4f9c-4311-bf47-46283aca1628}</UniqueIdentifier>
    </Filter>
    <Filter Include="message\MsgDataValue">
      <UniqueIdentifier>{ffcd399b-b376-49d1-8c27-c4a83d0867ba}</UniqueIdentifier>
    </Filter>
    <Filter Include="Tinyxml">
      <UniqueIdentifier>{612edc88-d65f-4513-a139-0d3150d54afe}</UniqueIdentifier>
    </Filter>
  </ItemGroup>
  <ItemGroup>
    <None Include="src\VnocMessageSocketHandler.inl">
      <Filter>service</Filter>
    </None>
  </ItemGroup>
</Project>