
Microsoft Visual Studio Solution File, Format Version 10.00
# Visual Studio 2008
Project("{8BC9CEB8-8B4A-11D0-8D11-00A0C91BC942}") = "Practice", "Practice\Practice.vcproj", "{F942090D-3562-4F31-ADBE-E3AD48DF6E62}"
EndProject
Global
	GlobalSection(SolutionConfigurationPlatforms) = preSolution
		Debug|Win32 = Debug|Win32
		Release|Win32 = Release|Win32
	EndGlobalSection
	GlobalSection(ProjectConfigurationPlatforms) = postSolution
		{F942090D-3562-4F31-ADBE-E3AD48DF6E62}.Debug|Win32.ActiveCfg = Debug|Win32
		{F942090D-3562-4F31-ADBE-E3AD48DF6E62}.Debug|Win32.Build.0 = Debug|Win32
		{F942090D-3562-4F31-ADBE-E3AD48DF6E62}.Release|Win32.ActiveCfg = Release|Win32
		{F942090D-3562-4F31-ADBE-E3AD48DF6E62}.Release|Win32.Build.0 = Release|Win32
	EndGlobalSection
	GlobalSection(SolutionProperties) = preSolution
		HideSolutionNode = FALSE
	EndGlobalSection
EndGlobal
